
Microsoft Visual Studio Solution File, Format Version 12.00
# Visual Studio 15
VisualStudioVersion = 15.0.28307.329
MinimumVisualStudioVersion = 10.0.40219.1
Project("{FAE04EC0-301F-11D3-BF4B-00C04F79EFBC}") = "WebAPI", "WebAPI\WebAPI.csproj", "{BC5C6BE6-7D0A-49FB-9D95-EBCC9572DC5E}"
EndProject
Global
	GlobalSection(SolutionConfigurationPlatforms) = preSolution
		Debug|Any CPU = Debug|Any CPU
		Release|Any CPU = Release|Any CPU
	EndGlobalSection
	GlobalSection(ProjectConfigurationPlatforms) = postSolution
		{BC5C6BE6-7D0A-49FB-9D95-EBCC9572DC5E}.Debug|Any CPU.ActiveCfg = Debug|Any CPU
		{BC5C6BE6-7D0A-49FB-9D95-EBCC9572DC5E}.Debug|Any CPU.Build.0 = Debug|Any CPU
		{BC5C6BE6-7D0A-49FB-9D95-EBCC9572DC5E}.Release|Any CPU.ActiveCfg = Release|Any CPU
		{BC5C6BE6-7D0A-49FB-9D95-EBCC9572DC5E}.Release|Any CPU.Build.0 = Release|Any CPU
	EndGlobalSection
	GlobalSection(SolutionProperties) = preSolution
		HideSolutionNode = FALSE
	EndGlobalSection
	GlobalSection(ExtensibilityGlobals) = postSolution
		SolutionGuid = {BB149E69-E90A-4445-AE2C-AE0C0DB2B806}
	EndGlobalSection
EndGlobal
